
Microsoft Visual Studio Solution File, Format Version 12.00
# Visual Studio Version 16
VisualStudioVersion = 16.0.31205.134
MinimumVisualStudioVersion = 10.0.40219.1
Project("{FAE04EC0-301F-11D3-BF4B-00C04F79EFBC}") = "CursesWork", "CursesWork\CursesWork.csproj", "{5A082B28-8C13-4EFD-B58F-E641190EF3F6}"
EndProject
Global
	GlobalSection(SolutionConfigurationPlatforms) = preSolution
		Debug|Any CPU = Debug|Any CPU
		Release|Any CPU = Release|Any CPU
	EndGlobalSection
	GlobalSection(ProjectConfigurationPlatforms) = postSolution
		{5A082B28-8C13-4EFD-B58F-E641190EF3F6}.Debug|Any CPU.ActiveCfg = Debug|Any CPU
		{5A082B28-8C13-4EFD-B58F-E641190EF3F6}.Debug|Any CPU.Build.0 = Debug|Any CPU
		{5A082B28-8C13-4EFD-B58F-E641190EF3F6}.Release|Any CPU.ActiveCfg = Release|Any CPU
		{5A082B28-8C13-4EFD-B58F-E641190EF3F6}.Release|Any CPU.Build.0 = Release|Any CPU
	EndGlobalSection
	GlobalSection(SolutionProperties) = preSolution
		HideSolutionNode = FALSE
	EndGlobalSection
	GlobalSection(ExtensibilityGlobals) = postSolution
		SolutionGuid = {569A2292-D867-4D2E-9959-D120B9D3DEF4}
	EndGlobalSection
EndGlobal
